
Microsoft Visual Studio Solution File, Format Version 12.00
# Visual Studio 15
VisualStudioVersion = 15.0.28307.779
MinimumVisualStudioVersion = 10.0.40219.1
Project("{FAE04EC0-301F-11D3-BF4B-00C04F79EFBC}") = "MandelbrotZoom", "MandelbrotZoom\MandelbrotZoom.csproj", "{4940C362-4B4C-48C8-9FE2-32825AFB6E40}"
EndProject
Global
	GlobalSection(SolutionConfigurationPlatforms) = preSolution
		Debug|Any CPU = Debug|Any CPU
		Release|Any CPU = Release|Any CPU
	EndGlobalSection
	GlobalSection(ProjectConfigurationPlatforms) = postSolution
		{4940C362-4B4C-48C8-9FE2-32825AFB6E40}.Debug|Any CPU.ActiveCfg = Debug|Any CPU
		{4940C362-4B4C-48C8-9FE2-32825AFB6E40}.Debug|Any CPU.Build.0 = Debug|Any CPU
		{4940C362-4B4C-48C8-9FE2-32825AFB6E40}.Release|Any CPU.ActiveCfg = Release|Any CPU
		{4940C362-4B4C-48C8-9FE2-32825AFB6E40}.Release|Any CPU.Build.0 = Release|Any CPU
	EndGlobalSection
	GlobalSection(SolutionProperties) = preSolution
		HideSolutionNode = FALSE
	EndGlobalSection
	GlobalSection(ExtensibilityGlobals) = postSolution
		SolutionGuid = {086A1EC9-0F0E-442C-AEF3-6467A16E7F10}
	EndGlobalSection
EndGlobal
